
Microsoft Visual Studio Solution File, Format Version 12.00
# Visual Studio 15
VisualStudioVersion = 15.0.28307.168
MinimumVisualStudioVersion = 10.0.40219.1
Project("{9A19103F-16F7-4668-BE54-9A1E7A4F7556}") = "WebApplication1", "WebApplication1\WebApplication1.csproj", "{95B3C06F-E07E-4FCA-9850-4A72956A0979}"
EndProject
Project("{9A19103F-16F7-4668-BE54-9A1E7A4F7556}") = "ClassLibrary1", "ClassLibrary1\ClassLibrary1.csproj", "{F5207F42-D149-481D-B62F-72FF9E8E59E9}"
EndProject
Global
	GlobalSection(SolutionConfigurationPlatforms) = preSolution
		Debug|Any CPU = Debug|Any CPU
		Release|Any CPU = Release|Any CPU
	EndGlobalSection
	GlobalSection(ProjectConfigurationPlatforms) = postSolution
		{95B3C06F-E07E-4FCA-9850-4A72956A0979}.Debug|Any CPU.ActiveCfg = Debug|Any CPU
		{95B3C06F-E07E-4FCA-9850-4A72956A0979}.Debug|Any CPU.Build.0 = Debug|Any CPU
		{95B3C06F-E07E-4FCA-9850-4A72956A0979}.Release|Any CPU.ActiveCfg = Release|Any CPU
		{95B3C06F-E07E-4FCA-9850-4A72956A0979}.Release|Any CPU.Build.0 = Release|Any CPU
		{F5207F42-D149-481D-B62F-72FF9E8E59E9}.Debug|Any CPU.ActiveCfg = Debug|Any CPU
		{F5207F42-D149-481D-B62F-72FF9E8E59E9}.Debug|Any CPU.Build.0 = Debug|Any CPU
		{F5207F42-D149-481D-B62F-72FF9E8E59E9}.Release|Any CPU.ActiveCfg = Release|Any CPU
		{F5207F42-D149-481D-B62F-72FF9E8E59E9}.Release|Any CPU.Build.0 = Release|Any CPU
	EndGlobalSection
	GlobalSection(SolutionProperties) = preSolution
		HideSolutionNode = FALSE
	EndGlobalSection
	GlobalSection(ExtensibilityGlobals) = postSolution
		SolutionGuid = {E2C8216A-7097-4B7E-9D06-03C3707F493C}
	EndGlobalSection
EndGlobal
